
Microsoft Visual Studio Solution File, Format Version 12.00
# Visual Studio 2012
Project("{FAE04EC0-301F-11D3-BF4B-00C04F79EFBC}") = "GutenPosh", "GutenPosh.csproj", "{7D99BC1D-5572-4AEA-AB24-A52307EA8628}"
EndProject
Project("{FAE04EC0-301F-11D3-BF4B-00C04F79EFBC}") = "Test", "Test\Test.csproj", "{193BEB28-5EEB-494E-8257-5E65936C9CC7}"
EndProject
Global
	GlobalSection(SolutionConfigurationPlatforms) = preSolution
		Debug|Any CPU = Debug|Any CPU
		Release|Any CPU = Release|Any CPU
	EndGlobalSection
	GlobalSection(ProjectConfigurationPlatforms) = postSolution
		{7D99BC1D-5572-4AEA-AB24-A52307EA8628}.Debug|Any CPU.ActiveCfg = Debug|Any CPU
		{7D99BC1D-5572-4AEA-AB24-A52307EA8628}.Debug|Any CPU.Build.0 = Debug|Any CPU
		{7D99BC1D-5572-4AEA-AB24-A52307EA8628}.Release|Any CPU.ActiveCfg = Release|Any CPU
		{7D99BC1D-5572-4AEA-AB24-A52307EA8628}.Release|Any CPU.Build.0 = Release|Any CPU
		{193BEB28-5EEB-494E-8257-5E65936C9CC7}.Debug|Any CPU.ActiveCfg = Debug|Any CPU
		{193BEB28-5EEB-494E-8257-5E65936C9CC7}.Debug|Any CPU.Build.0 = Debug|Any CPU
		{193BEB28-5EEB-494E-8257-5E65936C9CC7}.Release|Any CPU.ActiveCfg = Release|Any CPU
		{193BEB28-5EEB-494E-8257-5E65936C9CC7}.Release|Any CPU.Build.0 = Release|Any CPU
	EndGlobalSection
	GlobalSection(SolutionProperties) = preSolution
		HideSolutionNode = FALSE
	EndGlobalSection
EndGlobal
